
Microsoft Visual Studio Solution File, Format Version 12.00
# Visual Studio Version 17
VisualStudioVersion = 17.9.34701.34
MinimumVisualStudioVersion = 10.0.40219.1
Project("{FAE04EC0-301F-11D3-BF4B-00C04F79EFBC}") = "listák", "listák\listák.csproj", "{C81D2436-A15B-4E92-9A74-00A21396901D}"
EndProject
Global
	GlobalSection(SolutionConfigurationPlatforms) = preSolution
		Debug|Any CPU = Debug|Any CPU
		Release|Any CPU = Release|Any CPU
	EndGlobalSection
	GlobalSection(ProjectConfigurationPlatforms) = postSolution
		{C81D2436-A15B-4E92-9A74-00A21396901D}.Debug|Any CPU.ActiveCfg = Debug|Any CPU
		{C81D2436-A15B-4E92-9A74-00A21396901D}.Debug|Any CPU.Build.0 = Debug|Any CPU
		{C81D2436-A15B-4E92-9A74-00A21396901D}.Release|Any CPU.ActiveCfg = Release|Any CPU
		{C81D2436-A15B-4E92-9A74-00A21396901D}.Release|Any CPU.Build.0 = Release|Any CPU
	EndGlobalSection
	GlobalSection(SolutionProperties) = preSolution
		HideSolutionNode = FALSE
	EndGlobalSection
	GlobalSection(ExtensibilityGlobals) = postSolution
		SolutionGuid = {0B45C3C9-A434-4216-90C1-DA33BFA9163C}
	EndGlobalSection
EndGlobal
